{
	"name": "PetalLock2",
	"lockfileVersion": 2,
	"requires": true,
	"packages": {
		"": {
			"license": "Unlicense",
			"dependencies": {
				"@preact/signals": "1.2.2",
				"multiformats": "13.2.2",
				"preact": "10.19.3",
				"viem": "2.18.5"
			},
			"devDependencies": {
				"@types/node": "22.5.4",
				"@zoltu/file-copier": "3.0.0",
				"better-typescript-lib": "2.8.0",
				"funtypes": "5.1.0",
				"typescript": "5.5.4"
			}
		},
		"node_modules/@adraffy/ens-normalize": {
			"version": "1.10.0",
			"resolved": "https://registry.npmjs.org/@adraffy/ens-normalize/-/ens-normalize-1.10.0.tgz",
			"integrity": "sha512-nA9XHtlAkYfJxY7bce8DcN7eKxWWCWkU+1GR9d+U6MbNpfwQp8TI7vqOsBsMcHoT4mBu2kypKoSKnghEzOOq5Q=="
		},
		"node_modules/@noble/curves": {
			"version": "1.4.0",
			"resolved": "https://registry.npmjs.org/@noble/curves/-/curves-1.4.0.tgz",
			"integrity": "sha512-p+4cb332SFCrReJkCYe8Xzm0OWi4Jji5jVdIZRL/PmacmDkFNw6MrrV+gGpiPxLHbV+zKFRywUWbaseT+tZRXg==",
			"dependencies": {
				"@noble/hashes": "1.4.0"
			},
			"funding": {
				"url": "https://paulmillr.com/funding/"
			}
		},
		"node_modules/@noble/hashes": {
			"version": "1.4.0",
			"resolved": "https://registry.npmjs.org/@noble/hashes/-/hashes-1.4.0.tgz",
			"integrity": "sha512-V1JJ1WTRUqHHrOSh597hURcMqVKVGL/ea3kv0gSnEdsEZ0/+VyPghM1lMNGc00z7CIQorSvbKpuJkxvuHbvdbg==",
			"engines": {
				"node": ">= 16"
			},
			"funding": {
				"url": "https://paulmillr.com/funding/"
			}
		},
		"node_modules/@preact/signals": {
			"version": "1.2.2",
			"resolved": "https://registry.npmjs.org/@preact/signals/-/signals-1.2.2.tgz",
			"integrity": "sha512-ColCqdo4cRP18bAuIR4Oik5rDpiyFtPIJIygaYPMEAwTnl4buWkBOflGBSzhYyPyJfKpkwlekrvK+1pzQ2ldWw==",
			"dependencies": {
				"@preact/signals-core": "^1.4.0"
			},
			"funding": {
				"type": "opencollective",
				"url": "https://opencollective.com/preact"
			},
			"peerDependencies": {
				"preact": "10.x"
			}
		},
		"node_modules/@preact/signals-core": {
			"version": "1.5.1",
			"resolved": "https://registry.npmjs.org/@preact/signals-core/-/signals-core-1.5.1.tgz",
			"integrity": "sha512-dE6f+WCX5ZUDwXzUIWNMhhglmuLpqJhuy3X3xHrhZYI0Hm2LyQwOu0l9mdPiWrVNsE+Q7txOnJPgtIqHCYoBVA==",
			"funding": {
				"type": "opencollective",
				"url": "https://opencollective.com/preact"
			}
		},
		"node_modules/@scure/base": {
			"version": "1.1.7",
			"resolved": "https://registry.npmjs.org/@scure/base/-/base-1.1.7.tgz",
			"integrity": "sha512-PPNYBslrLNNUQ/Yad37MHYsNQtK67EhWb6WtSvNLLPo7SdVZgkUjD6Dg+5On7zNwmskf8OX7I7Nx5oN+MIWE0g==",
			"funding": {
				"url": "https://paulmillr.com/funding/"
			}
		},
		"node_modules/@scure/bip32": {
			"version": "1.4.0",
			"resolved": "https://registry.npmjs.org/@scure/bip32/-/bip32-1.4.0.tgz",
			"integrity": "sha512-sVUpc0Vq3tXCkDGYVWGIZTRfnvu8LoTDaev7vbwh0omSvVORONr960MQWdKqJDCReIEmTj3PAr73O3aoxz7OPg==",
			"dependencies": {
				"@noble/curves": "~1.4.0",
				"@noble/hashes": "~1.4.0",
				"@scure/base": "~1.1.6"
			},
			"funding": {
				"url": "https://paulmillr.com/funding/"
			}
		},
		"node_modules/@scure/bip39": {
			"version": "1.3.0",
			"resolved": "https://registry.npmjs.org/@scure/bip39/-/bip39-1.3.0.tgz",
			"integrity": "sha512-disdg7gHuTDZtY+ZdkmLpPCk7fxZSu3gBiEGuoC1XYxv9cGx3Z6cpTggCgW6odSOOIXCiDjuGejW+aJKCY/pIQ==",
			"dependencies": {
				"@noble/hashes": "~1.4.0",
				"@scure/base": "~1.1.6"
			},
			"funding": {
				"url": "https://paulmillr.com/funding/"
			}
		},
		"node_modules/@types/node": {
			"version": "22.5.4",
			"resolved": "https://registry.npmjs.org/@types/node/-/node-22.5.4.tgz",
			"integrity": "sha512-FDuKUJQm/ju9fT/SeX/6+gBzoPzlVCzfzmGkwKvRHQVxi4BntVbyIwf6a4Xn62mrvndLiml6z/UBXIdEVjQLXg==",
			"dev": true,
			"dependencies": {
				"undici-types": "~6.19.2"
			}
		},
		"node_modules/@typescript/lib-decorators": {
			"name": "@better-typescript-lib/decorators",
			"version": "2.8.0",
			"resolved": "https://registry.npmjs.org/@better-typescript-lib/decorators/-/decorators-2.8.0.tgz",
			"integrity": "sha512-fcvgdwQPNpbib1kWb+nqixrxM6YrUphSRx4hbzYs5KaDBRGMIlZhS+JkaF+kwkRMh241pbZjpMTzhtpJXrSnsw==",
			"dev": true,
			"peerDependencies": {
				"typescript": ">=4.5.2"
			}
		},
		"node_modules/@typescript/lib-dom": {
			"name": "@better-typescript-lib/dom",
			"version": "2.8.0",
			"resolved": "https://registry.npmjs.org/@better-typescript-lib/dom/-/dom-2.8.0.tgz",
			"integrity": "sha512-vU+j1AbfhGjpWkrmybgaBrAcgfLZ6tfjXtp2FNhluKPb9sBB5USE4wPAqUIoHlE0jNVSsDEZCGzpsrHFsUtTTA==",
			"dev": true,
			"peerDependencies": {
				"typescript": ">=4.5.2"
			}
		},
		"node_modules/@typescript/lib-es2015": {
			"name": "@better-typescript-lib/es2015",
			"version": "2.8.0",
			"resolved": "https://registry.npmjs.org/@better-typescript-lib/es2015/-/es2015-2.8.0.tgz",
			"integrity": "sha512-bZwbpfsyhA8TKSNEw8uJlStDwvqk2Nzd99Z8sLGwlfPd9tbXJJHvedFLPFhHaq+2nUEZtcNfMqqB3OU7Tit9dA==",
			"dev": true,
			"peerDependencies": {
				"typescript": ">=4.5.2"
			}
		},
		"node_modules/@typescript/lib-es2016": {
			"name": "@better-typescript-lib/es2016",
			"version": "2.8.0",
			"resolved": "https://registry.npmjs.org/@better-typescript-lib/es2016/-/es2016-2.8.0.tgz",
			"integrity": "sha512-uwYGrBosulkMLG7gxm6NM60x6+CJJs1siACYbIAwGXPtonIex0MmOpC07rsibGCnvvaCCzDfs9RzCoPIRQfMRg==",
			"dev": true,
			"peerDependencies": {
				"typescript": ">=4.5.2"
			}
		},
		"node_modules/@typescript/lib-es2017": {
			"name": "@better-typescript-lib/es2017",
			"version": "2.8.0",
			"resolved": "https://registry.npmjs.org/@better-typescript-lib/es2017/-/es2017-2.8.0.tgz",
			"integrity": "sha512-yCIVS78jhJfVsfas1EJL6hzfb8PlSvoAev8UPCkYxh+CMKE9Ws54DgZm4rAQBE10AUkJCKd4r2TjGOKEsNzhbg==",
			"dev": true,
			"peerDependencies": {
				"typescript": ">=4.5.2"
			}
		},
		"node_modules/@typescript/lib-es2018": {
			"name": "@better-typescript-lib/es2018",
			"version": "2.8.0",
			"resolved": "https://registry.npmjs.org/@better-typescript-lib/es2018/-/es2018-2.8.0.tgz",
			"integrity": "sha512-mnXqmPIU3AZKMNsVe1Q/6USY5k9XhBHkloWUyCrKGCosMVgb81gdQ/NqWfx7TbijO57TJBAdqBNV2bexkjFdig==",
			"dev": true,
			"peerDependencies": {
				"typescript": ">=4.5.2"
			}
		},
		"node_modules/@typescript/lib-es2019": {
			"name": "@better-typescript-lib/es2019",
			"version": "2.8.0",
			"resolved": "https://registry.npmjs.org/@better-typescript-lib/es2019/-/es2019-2.8.0.tgz",
			"integrity": "sha512-/ui9vywQsLUTrwagpTCFLvqfGq+a4eXCMwcAWn9jRlL3YHIUwKchjmP4FGnekv4bkN+G+OFbySal3kpA6TsoaQ==",
			"dev": true,
			"peerDependencies": {
				"typescript": ">=4.5.2"
			}
		},
		"node_modules/@typescript/lib-es2020": {
			"name": "@better-typescript-lib/es2020",
			"version": "2.8.0",
			"resolved": "https://registry.npmjs.org/@better-typescript-lib/es2020/-/es2020-2.8.0.tgz",
			"integrity": "sha512-vdMXo42W5GTXBz9Wb3Pzf03J19hYbKDUMSfP22ub7+Tox3ThYPnNFV9478ftc/4DkxhUDxiEyBK91uCSrZ4fyg==",
			"dev": true,
			"peerDependencies": {
				"typescript": ">=4.5.2"
			}
		},
		"node_modules/@typescript/lib-es2021": {
			"name": "@better-typescript-lib/es2021",
			"version": "2.8.0",
			"resolved": "https://registry.npmjs.org/@better-typescript-lib/es2021/-/es2021-2.8.0.tgz",
			"integrity": "sha512-IgdAnbKgPIJJ9Yc8hlAbzv0j4TSn0MNhxRT1vQkWE2wfpsvclud80paf0A5HNwkD6DBRQvviQ2fAvTzbeHwqZA==",
			"dev": true,
			"peerDependencies": {
				"typescript": ">=4.5.2"
			}
		},
		"node_modules/@typescript/lib-es2022": {
			"name": "@better-typescript-lib/es2022",
			"version": "2.8.0",
			"resolved": "https://registry.npmjs.org/@better-typescript-lib/es2022/-/es2022-2.8.0.tgz",
			"integrity": "sha512-lkXIUob8eaRJaTWBmqnDT2xm8VyaBmv2cQezktR0g7rKonqY/uXMzdQTxwL8K7h4+iSivJKkK/edE8LIDtxBrQ==",
			"dev": true,
			"peerDependencies": {
				"typescript": ">=4.5.2"
			}
		},
		"node_modules/@typescript/lib-es2023": {
			"name": "@better-typescript-lib/es2023",
			"version": "2.8.0",
			"resolved": "https://registry.npmjs.org/@better-typescript-lib/es2023/-/es2023-2.8.0.tgz",
			"integrity": "sha512-0YzewgfzE2+aV1KBgSzN0sfv1oIdeGcH4z6rB9WkPjpA7vjDSzw/P8eRd4V6nAcSliREcCQ/TjSnVwNVdqrZ6A==",
			"dev": true,
			"peerDependencies": {
				"typescript": ">=4.5.2"
			}
		},
		"node_modules/@typescript/lib-es5": {
			"name": "@better-typescript-lib/es5",
			"version": "2.8.0",
			"resolved": "https://registry.npmjs.org/@better-typescript-lib/es5/-/es5-2.8.0.tgz",
			"integrity": "sha512-jmkb3p9HX2Ws/RKgT0HK8VBlHoLAlp9M+KCeB6T40ft6ahPVFMAdJ09ORAJIlE/zDwjIe/AQuuvxVlZSzp/fxg==",
			"dev": true,
			"peerDependencies": {
				"typescript": ">=4.5.2"
			}
		},
		"node_modules/@typescript/lib-es6": {
			"name": "@better-typescript-lib/es6",
			"version": "2.8.0",
			"resolved": "https://registry.npmjs.org/@better-typescript-lib/es6/-/es6-2.8.0.tgz",
			"integrity": "sha512-G3/0rsuKcNMxeleqFa3NlvDvM9Xjg6xbJLzKw2MNHTq6wRqCq0iCTnu+bdXqLhfZ5FGXB5eiwPspmXL8XmeTDQ==",
			"dev": true,
			"peerDependencies": {
				"typescript": ">=4.5.2"
			}
		},
		"node_modules/@typescript/lib-esnext": {
			"name": "@better-typescript-lib/esnext",
			"version": "2.8.0",
			"resolved": "https://registry.npmjs.org/@better-typescript-lib/esnext/-/esnext-2.8.0.tgz",
			"integrity": "sha512-3qu8dmwmISMjFnbvcY+X8rcKlkaCyGmqwAmu1rvIUfMRPPWNP6RLfGkg+58SJpYhdIppctzb4xZJCGRe46i/Qg==",
			"dev": true,
			"peerDependencies": {
				"typescript": ">=4.5.2"
			}
		},
		"node_modules/@typescript/lib-scripthost": {
			"name": "@better-typescript-lib/scripthost",
			"version": "2.8.0",
			"resolved": "https://registry.npmjs.org/@better-typescript-lib/scripthost/-/scripthost-2.8.0.tgz",
			"integrity": "sha512-B7UiigKf6VTbmvkUpnujt5xIODnBbWCRr5ysIXyyYH7A+pKLEIlIWXPiPGrYx3nvhX0zZeACmlO+smlB5HRP/w==",
			"dev": true,
			"peerDependencies": {
				"typescript": ">=4.5.2"
			}
		},
		"node_modules/@typescript/lib-webworker": {
			"name": "@better-typescript-lib/webworker",
			"version": "2.8.0",
			"resolved": "https://registry.npmjs.org/@better-typescript-lib/webworker/-/webworker-2.8.0.tgz",
			"integrity": "sha512-k6WLms6UWeKdL36YpI5pi4twNn/jxiyQz8bNjLZ0WEdkfbtegiSNjzwHOuWPFuhlUFMQ4w22Ts4PnYhwO5WQbw==",
			"dev": true,
			"peerDependencies": {
				"typescript": ">=4.5.2"
			}
		},
		"node_modules/@zoltu/file-copier": {
			"version": "3.0.0",
			"resolved": "https://registry.npmjs.org/@zoltu/file-copier/-/file-copier-3.0.0.tgz",
			"integrity": "sha512-foCy+pdL3sHBL0yrv8KCYcHnidii4kbE1xS52xXevyHFBAhRZKeX9qcCfRLIDDeHSYKB94vDeastE7fo3lwQFw==",
			"dev": true
		},
		"node_modules/abitype": {
			"version": "1.0.5",
			"resolved": "https://registry.npmjs.org/abitype/-/abitype-1.0.5.tgz",
			"integrity": "sha512-YzDhti7cjlfaBhHutMaboYB21Ha3rXR9QTkNJFzYC4kC8YclaiwPBBBJY8ejFdu2wnJeZCVZSMlQJ7fi8S6hsw==",
			"funding": {
				"url": "https://github.com/sponsors/wevm"
			},
			"peerDependencies": {
				"typescript": ">=5.0.4",
				"zod": "^3 >=3.22.0"
			},
			"peerDependenciesMeta": {
				"typescript": {
					"optional": true
				},
				"zod": {
					"optional": true
				}
			}
		},
		"node_modules/better-typescript-lib": {
			"version": "2.8.0",
			"resolved": "https://registry.npmjs.org/better-typescript-lib/-/better-typescript-lib-2.8.0.tgz",
			"integrity": "sha512-AAAsB7Q8lB1qavcHRmDs7Xrz/dD0T9bC7fgQ4fUbd0UAxiMi+ZCVQ42WojbQCFZzEvEplQnB0PDmm4vmPC0YQQ==",
			"dev": true,
			"dependencies": {
				"@typescript/lib-decorators": "npm:@better-typescript-lib/decorators@2.8.0",
				"@typescript/lib-dom": "npm:@better-typescript-lib/dom@2.8.0",
				"@typescript/lib-es2015": "npm:@better-typescript-lib/es2015@2.8.0",
				"@typescript/lib-es2016": "npm:@better-typescript-lib/es2016@2.8.0",
				"@typescript/lib-es2017": "npm:@better-typescript-lib/es2017@2.8.0",
				"@typescript/lib-es2018": "npm:@better-typescript-lib/es2018@2.8.0",
				"@typescript/lib-es2019": "npm:@better-typescript-lib/es2019@2.8.0",
				"@typescript/lib-es2020": "npm:@better-typescript-lib/es2020@2.8.0",
				"@typescript/lib-es2021": "npm:@better-typescript-lib/es2021@2.8.0",
				"@typescript/lib-es2022": "npm:@better-typescript-lib/es2022@2.8.0",
				"@typescript/lib-es2023": "npm:@better-typescript-lib/es2023@2.8.0",
				"@typescript/lib-es5": "npm:@better-typescript-lib/es5@2.8.0",
				"@typescript/lib-es6": "npm:@better-typescript-lib/es6@2.8.0",
				"@typescript/lib-esnext": "npm:@better-typescript-lib/esnext@2.8.0",
				"@typescript/lib-scripthost": "npm:@better-typescript-lib/scripthost@2.8.0",
				"@typescript/lib-webworker": "npm:@better-typescript-lib/webworker@2.8.0"
			},
			"peerDependencies": {
				"typescript": ">=4.5.2"
			}
		},
		"node_modules/funtypes": {
			"version": "5.1.0",
			"resolved": "https://registry.npmjs.org/funtypes/-/funtypes-5.1.0.tgz",
			"integrity": "sha512-Dg5o5JurgX53F/mTwYnFvV2Y95VZLuXw9emaAGSHnssoWxHciO0ZPwY9TPl2aSqU/LfYfCUHPfw7+1pRZvmqdw==",
			"dev": true
		},
		"node_modules/isows": {
			"version": "1.0.4",
			"resolved": "https://registry.npmjs.org/isows/-/isows-1.0.4.tgz",
			"integrity": "sha512-hEzjY+x9u9hPmBom9IIAqdJCwNLax+xrPb51vEPpERoFlIxgmZcHzsT5jKG06nvInKOBGvReAVz80Umed5CczQ==",
			"funding": [
				{
					"type": "github",
					"url": "https://github.com/sponsors/wagmi-dev"
				}
			],
			"peerDependencies": {
				"ws": "*"
			}
		},
		"node_modules/multiformats": {
			"version": "13.2.2",
			"resolved": "https://registry.npmjs.org/multiformats/-/multiformats-13.2.2.tgz",
			"integrity": "sha512-RWI+nyf0q64vyOxL8LbKtjJMki0sogRL/8axvklNtiTM0iFCVtHwME9w6+0P1/v4dQvsIg8A45oT3ka1t/M/+A=="
		},
		"node_modules/preact": {
			"version": "10.19.3",
			"resolved": "https://registry.npmjs.org/preact/-/preact-10.19.3.tgz",
			"integrity": "sha512-nHHTeFVBTHRGxJXKkKu5hT8C/YWBkPso4/Gad6xuj5dbptt9iF9NZr9pHbPhBrnT2klheu7mHTxTZ/LjwJiEiQ==",
			"funding": {
				"type": "opencollective",
				"url": "https://opencollective.com/preact"
			}
		},
		"node_modules/typescript": {
			"version": "5.5.4",
			"resolved": "https://registry.npmjs.org/typescript/-/typescript-5.5.4.tgz",
			"integrity": "sha512-Mtq29sKDAEYP7aljRgtPOpTvOfbwRWlS6dPRzwjdE+C0R4brX/GUyhHSecbHMFLNBLcJIPt9nl9yG5TZ1weH+Q==",
			"devOptional": true,
			"bin": {
				"tsc": "bin/tsc",
				"tsserver": "bin/tsserver"
			},
			"engines": {
				"node": ">=14.17"
			}
		},
		"node_modules/undici-types": {
			"version": "6.19.8",
			"resolved": "https://registry.npmjs.org/undici-types/-/undici-types-6.19.8.tgz",
			"integrity": "sha512-ve2KP6f/JnbPBFyobGHuerC9g1FYGn/F8n1LWTwNxCEzd6IfqTwUQcNXgEtmmQ6DlRrC1hrSrBnCZPokRrDHjw==",
			"dev": true
		},
		"node_modules/viem": {
			"version": "2.18.5",
			"resolved": "https://registry.npmjs.org/viem/-/viem-2.18.5.tgz",
			"integrity": "sha512-hIV5+kzI1f6fOzmZWuycjH+9F/qcEQ3BOyF0/m1cc+pd2+PMdJ/yccL4MeKAUDc1mun5KGjub9HhJsu+9Ndd3Q==",
			"funding": [
				{
					"type": "github",
					"url": "https://github.com/sponsors/wevm"
				}
			],
			"dependencies": {
				"@adraffy/ens-normalize": "1.10.0",
				"@noble/curves": "1.4.0",
				"@noble/hashes": "1.4.0",
				"@scure/bip32": "1.4.0",
				"@scure/bip39": "1.3.0",
				"abitype": "1.0.5",
				"isows": "1.0.4",
				"webauthn-p256": "0.0.5",
				"ws": "8.17.1"
			},
			"peerDependencies": {
				"typescript": ">=5.0.4"
			},
			"peerDependenciesMeta": {
				"typescript": {
					"optional": true
				}
			}
		},
		"node_modules/webauthn-p256": {
			"version": "0.0.5",
			"resolved": "https://registry.npmjs.org/webauthn-p256/-/webauthn-p256-0.0.5.tgz",
			"integrity": "sha512-drMGNWKdaixZNobeORVIqq7k5DsRC9FnG201K2QjeOoQLmtSDaSsVZdkg6n5jUALJKcAG++zBPJXmv6hy0nWFg==",
			"funding": [
				{
					"type": "github",
					"url": "https://github.com/sponsors/wevm"
				}
			],
			"dependencies": {
				"@noble/curves": "^1.4.0",
				"@noble/hashes": "^1.4.0"
			}
		},
		"node_modules/ws": {
			"version": "8.17.1",
			"resolved": "https://registry.npmjs.org/ws/-/ws-8.17.1.tgz",
			"integrity": "sha512-6XQFvXTkbfUOZOKKILFG1PDK2NDQs4azKQl26T0YS5CxqWLgXajbPZ+h4gZekJyRqFU8pvnbAbbs/3TgRPy+GQ==",
			"engines": {
				"node": ">=10.0.0"
			},
			"peerDependencies": {
				"bufferutil": "^4.0.1",
				"utf-8-validate": ">=5.0.2"
			},
			"peerDependenciesMeta": {
				"bufferutil": {
					"optional": true
				},
				"utf-8-validate": {
					"optional": true
				}
			}
		}
	},
	"dependencies": {
		"@adraffy/ens-normalize": {
			"version": "1.10.0",
			"resolved": "https://registry.npmjs.org/@adraffy/ens-normalize/-/ens-normalize-1.10.0.tgz",
			"integrity": "sha512-nA9XHtlAkYfJxY7bce8DcN7eKxWWCWkU+1GR9d+U6MbNpfwQp8TI7vqOsBsMcHoT4mBu2kypKoSKnghEzOOq5Q=="
		},
		"@noble/curves": {
			"version": "1.4.0",
			"resolved": "https://registry.npmjs.org/@noble/curves/-/curves-1.4.0.tgz",
			"integrity": "sha512-p+4cb332SFCrReJkCYe8Xzm0OWi4Jji5jVdIZRL/PmacmDkFNw6MrrV+gGpiPxLHbV+zKFRywUWbaseT+tZRXg==",
			"requires": {
				"@noble/hashes": "1.4.0"
			}
		},
		"@noble/hashes": {
			"version": "1.4.0",
			"resolved": "https://registry.npmjs.org/@noble/hashes/-/hashes-1.4.0.tgz",
			"integrity": "sha512-V1JJ1WTRUqHHrOSh597hURcMqVKVGL/ea3kv0gSnEdsEZ0/+VyPghM1lMNGc00z7CIQorSvbKpuJkxvuHbvdbg=="
		},
		"@preact/signals": {
			"version": "1.2.2",
			"resolved": "https://registry.npmjs.org/@preact/signals/-/signals-1.2.2.tgz",
			"integrity": "sha512-ColCqdo4cRP18bAuIR4Oik5rDpiyFtPIJIygaYPMEAwTnl4buWkBOflGBSzhYyPyJfKpkwlekrvK+1pzQ2ldWw==",
			"requires": {
				"@preact/signals-core": "^1.4.0"
			}
		},
		"@preact/signals-core": {
			"version": "1.5.1",
			"resolved": "https://registry.npmjs.org/@preact/signals-core/-/signals-core-1.5.1.tgz",
			"integrity": "sha512-dE6f+WCX5ZUDwXzUIWNMhhglmuLpqJhuy3X3xHrhZYI0Hm2LyQwOu0l9mdPiWrVNsE+Q7txOnJPgtIqHCYoBVA=="
		},
		"@scure/base": {
			"version": "1.1.7",
			"resolved": "https://registry.npmjs.org/@scure/base/-/base-1.1.7.tgz",
			"integrity": "sha512-PPNYBslrLNNUQ/Yad37MHYsNQtK67EhWb6WtSvNLLPo7SdVZgkUjD6Dg+5On7zNwmskf8OX7I7Nx5oN+MIWE0g=="
		},
		"@scure/bip32": {
			"version": "1.4.0",
			"resolved": "https://registry.npmjs.org/@scure/bip32/-/bip32-1.4.0.tgz",
			"integrity": "sha512-sVUpc0Vq3tXCkDGYVWGIZTRfnvu8LoTDaev7vbwh0omSvVORONr960MQWdKqJDCReIEmTj3PAr73O3aoxz7OPg==",
			"requires": {
				"@noble/curves": "~1.4.0",
				"@noble/hashes": "~1.4.0",
				"@scure/base": "~1.1.6"
			}
		},
		"@scure/bip39": {
			"version": "1.3.0",
			"resolved": "https://registry.npmjs.org/@scure/bip39/-/bip39-1.3.0.tgz",
			"integrity": "sha512-disdg7gHuTDZtY+ZdkmLpPCk7fxZSu3gBiEGuoC1XYxv9cGx3Z6cpTggCgW6odSOOIXCiDjuGejW+aJKCY/pIQ==",
			"requires": {
				"@noble/hashes": "~1.4.0",
				"@scure/base": "~1.1.6"
			}
		},
		"@types/node": {
			"version": "22.5.4",
			"resolved": "https://registry.npmjs.org/@types/node/-/node-22.5.4.tgz",
			"integrity": "sha512-FDuKUJQm/ju9fT/SeX/6+gBzoPzlVCzfzmGkwKvRHQVxi4BntVbyIwf6a4Xn62mrvndLiml6z/UBXIdEVjQLXg==",
			"dev": true,
			"requires": {
				"undici-types": "~6.19.2"
			}
		},
		"@typescript/lib-decorators": {
			"version": "npm:@better-typescript-lib/decorators@2.8.0",
			"resolved": "https://registry.npmjs.org/@better-typescript-lib/decorators/-/decorators-2.8.0.tgz",
			"integrity": "sha512-fcvgdwQPNpbib1kWb+nqixrxM6YrUphSRx4hbzYs5KaDBRGMIlZhS+JkaF+kwkRMh241pbZjpMTzhtpJXrSnsw==",
			"dev": true,
			"requires": {}
		},
		"@typescript/lib-dom": {
			"version": "npm:@better-typescript-lib/dom@2.8.0",
			"resolved": "https://registry.npmjs.org/@better-typescript-lib/dom/-/dom-2.8.0.tgz",
			"integrity": "sha512-vU+j1AbfhGjpWkrmybgaBrAcgfLZ6tfjXtp2FNhluKPb9sBB5USE4wPAqUIoHlE0jNVSsDEZCGzpsrHFsUtTTA==",
			"dev": true,
			"requires": {}
		},
		"@typescript/lib-es2015": {
			"version": "npm:@better-typescript-lib/es2015@2.8.0",
			"resolved": "https://registry.npmjs.org/@better-typescript-lib/es2015/-/es2015-2.8.0.tgz",
			"integrity": "sha512-bZwbpfsyhA8TKSNEw8uJlStDwvqk2Nzd99Z8sLGwlfPd9tbXJJHvedFLPFhHaq+2nUEZtcNfMqqB3OU7Tit9dA==",
			"dev": true,
			"requires": {}
		},
		"@typescript/lib-es2016": {
			"version": "npm:@better-typescript-lib/es2016@2.8.0",
			"resolved": "https://registry.npmjs.org/@better-typescript-lib/es2016/-/es2016-2.8.0.tgz",
			"integrity": "sha512-uwYGrBosulkMLG7gxm6NM60x6+CJJs1siACYbIAwGXPtonIex0MmOpC07rsibGCnvvaCCzDfs9RzCoPIRQfMRg==",
			"dev": true,
			"requires": {}
		},
		"@typescript/lib-es2017": {
			"version": "npm:@better-typescript-lib/es2017@2.8.0",
			"resolved": "https://registry.npmjs.org/@better-typescript-lib/es2017/-/es2017-2.8.0.tgz",
			"integrity": "sha512-yCIVS78jhJfVsfas1EJL6hzfb8PlSvoAev8UPCkYxh+CMKE9Ws54DgZm4rAQBE10AUkJCKd4r2TjGOKEsNzhbg==",
			"dev": true,
			"requires": {}
		},
		"@typescript/lib-es2018": {
			"version": "npm:@better-typescript-lib/es2018@2.8.0",
			"resolved": "https://registry.npmjs.org/@better-typescript-lib/es2018/-/es2018-2.8.0.tgz",
			"integrity": "sha512-mnXqmPIU3AZKMNsVe1Q/6USY5k9XhBHkloWUyCrKGCosMVgb81gdQ/NqWfx7TbijO57TJBAdqBNV2bexkjFdig==",
			"dev": true,
			"requires": {}
		},
		"@typescript/lib-es2019": {
			"version": "npm:@better-typescript-lib/es2019@2.8.0",
			"resolved": "https://registry.npmjs.org/@better-typescript-lib/es2019/-/es2019-2.8.0.tgz",
			"integrity": "sha512-/ui9vywQsLUTrwagpTCFLvqfGq+a4eXCMwcAWn9jRlL3YHIUwKchjmP4FGnekv4bkN+G+OFbySal3kpA6TsoaQ==",
			"dev": true,
			"requires": {}
		},
		"@typescript/lib-es2020": {
			"version": "npm:@better-typescript-lib/es2020@2.8.0",
			"resolved": "https://registry.npmjs.org/@better-typescript-lib/es2020/-/es2020-2.8.0.tgz",
			"integrity": "sha512-vdMXo42W5GTXBz9Wb3Pzf03J19hYbKDUMSfP22ub7+Tox3ThYPnNFV9478ftc/4DkxhUDxiEyBK91uCSrZ4fyg==",
			"dev": true,
			"requires": {}
		},
		"@typescript/lib-es2021": {
			"version": "npm:@better-typescript-lib/es2021@2.8.0",
			"resolved": "https://registry.npmjs.org/@better-typescript-lib/es2021/-/es2021-2.8.0.tgz",
			"integrity": "sha512-IgdAnbKgPIJJ9Yc8hlAbzv0j4TSn0MNhxRT1vQkWE2wfpsvclud80paf0A5HNwkD6DBRQvviQ2fAvTzbeHwqZA==",
			"dev": true,
			"requires": {}
		},
		"@typescript/lib-es2022": {
			"version": "npm:@better-typescript-lib/es2022@2.8.0",
			"resolved": "https://registry.npmjs.org/@better-typescript-lib/es2022/-/es2022-2.8.0.tgz",
			"integrity": "sha512-lkXIUob8eaRJaTWBmqnDT2xm8VyaBmv2cQezktR0g7rKonqY/uXMzdQTxwL8K7h4+iSivJKkK/edE8LIDtxBrQ==",
			"dev": true,
			"requires": {}
		},
		"@typescript/lib-es2023": {
			"version": "npm:@better-typescript-lib/es2023@2.8.0",
			"resolved": "https://registry.npmjs.org/@better-typescript-lib/es2023/-/es2023-2.8.0.tgz",
			"integrity": "sha512-0YzewgfzE2+aV1KBgSzN0sfv1oIdeGcH4z6rB9WkPjpA7vjDSzw/P8eRd4V6nAcSliREcCQ/TjSnVwNVdqrZ6A==",
			"dev": true,
			"requires": {}
		},
		"@typescript/lib-es5": {
			"version": "npm:@better-typescript-lib/es5@2.8.0",
			"resolved": "https://registry.npmjs.org/@better-typescript-lib/es5/-/es5-2.8.0.tgz",
			"integrity": "sha512-jmkb3p9HX2Ws/RKgT0HK8VBlHoLAlp9M+KCeB6T40ft6ahPVFMAdJ09ORAJIlE/zDwjIe/AQuuvxVlZSzp/fxg==",
			"dev": true,
			"requires": {}
		},
		"@typescript/lib-es6": {
			"version": "npm:@better-typescript-lib/es6@2.8.0",
			"resolved": "https://registry.npmjs.org/@better-typescript-lib/es6/-/es6-2.8.0.tgz",
			"integrity": "sha512-G3/0rsuKcNMxeleqFa3NlvDvM9Xjg6xbJLzKw2MNHTq6wRqCq0iCTnu+bdXqLhfZ5FGXB5eiwPspmXL8XmeTDQ==",
			"dev": true,
			"requires": {}
		},
		"@typescript/lib-esnext": {
			"version": "npm:@better-typescript-lib/esnext@2.8.0",
			"resolved": "https://registry.npmjs.org/@better-typescript-lib/esnext/-/esnext-2.8.0.tgz",
			"integrity": "sha512-3qu8dmwmISMjFnbvcY+X8rcKlkaCyGmqwAmu1rvIUfMRPPWNP6RLfGkg+58SJpYhdIppctzb4xZJCGRe46i/Qg==",
			"dev": true,
			"requires": {}
		},
		"@typescript/lib-scripthost": {
			"version": "npm:@better-typescript-lib/scripthost@2.8.0",
			"resolved": "https://registry.npmjs.org/@better-typescript-lib/scripthost/-/scripthost-2.8.0.tgz",
			"integrity": "sha512-B7UiigKf6VTbmvkUpnujt5xIODnBbWCRr5ysIXyyYH7A+pKLEIlIWXPiPGrYx3nvhX0zZeACmlO+smlB5HRP/w==",
			"dev": true,
			"requires": {}
		},
		"@typescript/lib-webworker": {
			"version": "npm:@better-typescript-lib/webworker@2.8.0",
			"resolved": "https://registry.npmjs.org/@better-typescript-lib/webworker/-/webworker-2.8.0.tgz",
			"integrity": "sha512-k6WLms6UWeKdL36YpI5pi4twNn/jxiyQz8bNjLZ0WEdkfbtegiSNjzwHOuWPFuhlUFMQ4w22Ts4PnYhwO5WQbw==",
			"dev": true,
			"requires": {}
		},
		"@zoltu/file-copier": {
			"version": "3.0.0",
			"resolved": "https://registry.npmjs.org/@zoltu/file-copier/-/file-copier-3.0.0.tgz",
			"integrity": "sha512-foCy+pdL3sHBL0yrv8KCYcHnidii4kbE1xS52xXevyHFBAhRZKeX9qcCfRLIDDeHSYKB94vDeastE7fo3lwQFw==",
			"dev": true
		},
		"abitype": {
			"version": "1.0.5",
			"resolved": "https://registry.npmjs.org/abitype/-/abitype-1.0.5.tgz",
			"integrity": "sha512-YzDhti7cjlfaBhHutMaboYB21Ha3rXR9QTkNJFzYC4kC8YclaiwPBBBJY8ejFdu2wnJeZCVZSMlQJ7fi8S6hsw==",
			"requires": {}
		},
		"better-typescript-lib": {
			"version": "2.8.0",
			"resolved": "https://registry.npmjs.org/better-typescript-lib/-/better-typescript-lib-2.8.0.tgz",
			"integrity": "sha512-AAAsB7Q8lB1qavcHRmDs7Xrz/dD0T9bC7fgQ4fUbd0UAxiMi+ZCVQ42WojbQCFZzEvEplQnB0PDmm4vmPC0YQQ==",
			"dev": true,
			"requires": {
				"@typescript/lib-decorators": "npm:@better-typescript-lib/decorators@2.8.0",
				"@typescript/lib-dom": "npm:@better-typescript-lib/dom@2.8.0",
				"@typescript/lib-es2015": "npm:@better-typescript-lib/es2015@2.8.0",
				"@typescript/lib-es2016": "npm:@better-typescript-lib/es2016@2.8.0",
				"@typescript/lib-es2017": "npm:@better-typescript-lib/es2017@2.8.0",
				"@typescript/lib-es2018": "npm:@better-typescript-lib/es2018@2.8.0",
				"@typescript/lib-es2019": "npm:@better-typescript-lib/es2019@2.8.0",
				"@typescript/lib-es2020": "npm:@better-typescript-lib/es2020@2.8.0",
				"@typescript/lib-es2021": "npm:@better-typescript-lib/es2021@2.8.0",
				"@typescript/lib-es2022": "npm:@better-typescript-lib/es2022@2.8.0",
				"@typescript/lib-es2023": "npm:@better-typescript-lib/es2023@2.8.0",
				"@typescript/lib-es5": "npm:@better-typescript-lib/es5@2.8.0",
				"@typescript/lib-es6": "npm:@better-typescript-lib/es6@2.8.0",
				"@typescript/lib-esnext": "npm:@better-typescript-lib/esnext@2.8.0",
				"@typescript/lib-scripthost": "npm:@better-typescript-lib/scripthost@2.8.0",
				"@typescript/lib-webworker": "npm:@better-typescript-lib/webworker@2.8.0"
			}
		},
		"funtypes": {
			"version": "5.1.0",
			"resolved": "https://registry.npmjs.org/funtypes/-/funtypes-5.1.0.tgz",
			"integrity": "sha512-Dg5o5JurgX53F/mTwYnFvV2Y95VZLuXw9emaAGSHnssoWxHciO0ZPwY9TPl2aSqU/LfYfCUHPfw7+1pRZvmqdw==",
			"dev": true
		},
		"isows": {
			"version": "1.0.4",
			"resolved": "https://registry.npmjs.org/isows/-/isows-1.0.4.tgz",
			"integrity": "sha512-hEzjY+x9u9hPmBom9IIAqdJCwNLax+xrPb51vEPpERoFlIxgmZcHzsT5jKG06nvInKOBGvReAVz80Umed5CczQ==",
			"requires": {}
		},
		"multiformats": {
			"version": "13.2.2",
			"resolved": "https://registry.npmjs.org/multiformats/-/multiformats-13.2.2.tgz",
			"integrity": "sha512-RWI+nyf0q64vyOxL8LbKtjJMki0sogRL/8axvklNtiTM0iFCVtHwME9w6+0P1/v4dQvsIg8A45oT3ka1t/M/+A=="
		},
		"preact": {
			"version": "10.19.3",
			"resolved": "https://registry.npmjs.org/preact/-/preact-10.19.3.tgz",
			"integrity": "sha512-nHHTeFVBTHRGxJXKkKu5hT8C/YWBkPso4/Gad6xuj5dbptt9iF9NZr9pHbPhBrnT2klheu7mHTxTZ/LjwJiEiQ=="
		},
		"typescript": {
			"version": "5.5.4",
			"resolved": "https://registry.npmjs.org/typescript/-/typescript-5.5.4.tgz",
			"integrity": "sha512-Mtq29sKDAEYP7aljRgtPOpTvOfbwRWlS6dPRzwjdE+C0R4brX/GUyhHSecbHMFLNBLcJIPt9nl9yG5TZ1weH+Q==",
			"devOptional": true
		},
		"undici-types": {
			"version": "6.19.8",
			"resolved": "https://registry.npmjs.org/undici-types/-/undici-types-6.19.8.tgz",
			"integrity": "sha512-ve2KP6f/JnbPBFyobGHuerC9g1FYGn/F8n1LWTwNxCEzd6IfqTwUQcNXgEtmmQ6DlRrC1hrSrBnCZPokRrDHjw==",
			"dev": true
		},
		"viem": {
			"version": "2.18.5",
			"resolved": "https://registry.npmjs.org/viem/-/viem-2.18.5.tgz",
			"integrity": "sha512-hIV5+kzI1f6fOzmZWuycjH+9F/qcEQ3BOyF0/m1cc+pd2+PMdJ/yccL4MeKAUDc1mun5KGjub9HhJsu+9Ndd3Q==",
			"requires": {
				"@adraffy/ens-normalize": "1.10.0",
				"@noble/curves": "1.4.0",
				"@noble/hashes": "1.4.0",
				"@scure/bip32": "1.4.0",
				"@scure/bip39": "1.3.0",
				"abitype": "1.0.5",
				"isows": "1.0.4",
				"webauthn-p256": "0.0.5",
				"ws": "8.17.1"
			}
		},
		"webauthn-p256": {
			"version": "0.0.5",
			"resolved": "https://registry.npmjs.org/webauthn-p256/-/webauthn-p256-0.0.5.tgz",
			"integrity": "sha512-drMGNWKdaixZNobeORVIqq7k5DsRC9FnG201K2QjeOoQLmtSDaSsVZdkg6n5jUALJKcAG++zBPJXmv6hy0nWFg==",
			"requires": {
				"@noble/curves": "^1.4.0",
				"@noble/hashes": "^1.4.0"
			}
		},
		"ws": {
			"version": "8.17.1",
			"resolved": "https://registry.npmjs.org/ws/-/ws-8.17.1.tgz",
			"integrity": "sha512-6XQFvXTkbfUOZOKKILFG1PDK2NDQs4azKQl26T0YS5CxqWLgXajbPZ+h4gZekJyRqFU8pvnbAbbs/3TgRPy+GQ==",
			"requires": {}
		}
	}
}
